// !$*UTF8*$!
{
	archiveVersion = 1;
	classes = {
	};
	objectVersion = 50;
	objects = {

/* Begin PBXBuildFile section */
		214B17B62475D48700D92CD4 /* AppDelegate.swift in Sources */ = {isa = PBXBuildFile; fileRef = 214B17B52475D48700D92CD4 /* AppDelegate.swift */; };
		214B17B82475D48700D92CD4 /* SceneDelegate.swift in Sources */ = {isa = PBXBuildFile; fileRef = 214B17B72475D48700D92CD4 /* SceneDelegate.swift */; };
		214B17BA2475D48700D92CD4 /* ViewController.swift in Sources */ = {isa = PBXBuildFile; fileRef = 214B17B92475D48700D92CD4 /* ViewController.swift */; };
		214B17BD2475D48700D92CD4 /* Main.storyboard in Resources */ = {isa = PBXBuildFile; fileRef = 214B17BB2475D48700D92CD4 /* Main.storyboard */; };
		214B17BF2475D48800D92CD4 /* Assets.xcassets in Resources */ = {isa = PBXBuildFile; fileRef = 214B17BE2475D48800D92CD4 /* Assets.xcassets */; };
		214B17C22475D48800D92CD4 /* LaunchScreen.storyboard in Resources */ = {isa = PBXBuildFile; fileRef = 214B17C02475D48800D92CD4 /* LaunchScreen.storyboard */; };
		214B17CD2475D48800D92CD4 /* ThoughtBlazerTests.swift in Sources */ = {isa = PBXBuildFile; fileRef = 214B17CC2475D48800D92CD4 /* ThoughtBlazerTests.swift */; };
		214B17D82475D48800D92CD4 /* ThoughtBlazerUITests.swift in Sources */ = {isa = PBXBuildFile; fileRef = 214B17D72475D48800D92CD4 /* ThoughtBlazerUITests.swift */; };
/* End PBXBuildFile section */

/* Begin PBXContainerItemProxy section */
		214B17C92475D48800D92CD4 /* PBXContainerItemProxy */ = {
			isa = PBXContainerItemProxy;
			containerPortal = 214B17AA2475D48700D92CD4 /* Project object */;
			proxyType = 1;
			remoteGlobalIDString = 214B17B12475D48700D92CD4;
			remoteInfo = ThoughtBlazer;
		};
		214B17D42475D48800D92CD4 /* PBXContainerItemProxy */ = {
			isa = PBXContainerItemProxy;
			containerPortal = 214B17AA2475D48700D92CD4 /* Project object */;
			proxyType = 1;
			remoteGlobalIDString = 214B17B12475D48700D92CD4;
			remoteInfo = ThoughtBlazer;
		};
/* End PBXContainerItemProxy section */

/* Begin PBXFileReference section */
		214B17B22475D48700D92CD4 /* ThoughtBlazer.app */ = {isa = PBXFileReference; explicitFileType = wrapper.application; includeInIndex = 0; path = ThoughtBlazer.app; sourceTree = BUILT_PRODUCTS_DIR; };
		214B17B52475D48700D92CD4 /* AppDelegate.swift */ = {isa = PBXFileReference; lastKnownFileType = sourcecode.swift; path = AppDelegate.swift; sourceTree = "<group>"; };
		214B17B72475D48700D92CD4 /* SceneDelegate.swift */ = {isa = PBXFileReference; lastKnownFileType = sourcecode.swift; path = SceneDelegate.swift; sourceTree = "<group>"; };
		214B17B92475D48700D92CD4 /* ViewController.swift */ = {isa = PBXFileReference; lastKnownFileType = sourcecode.swift; path = ViewController.swift; sourceTree = "<group>"; };
		214B17BC2475D48700D92CD4 /* Base */ = {isa = PBXFileReference; lastKnownFileType = file.storyboard; name = Base; path = Base.lproj/Main.storyboard; sourceTree = "<group>"; };
		214B17BE2475D48800D92CD4 /* Assets.xcassets */ = {isa = PBXFileReference; lastKnownFileType = folder.assetcatalog; path = Assets.xcassets; sourceTree = "<group>"; };
		214B17C12475D48800D92CD4 /* Base */ = {isa = PBXFileReference; lastKnownFileType = file.storyboard; name = Base; path = Base.lproj/LaunchScreen.storyboard; sourceTree = "<group>"; };
		214B17C32475D48800D92CD4 /* Info.plist */ = {isa = PBXFileReference; lastKnownFileType = text.plist.xml; path = Info.plist; sourceTree = "<group>"; };
		214B17C82475D48800D92CD4 /* ThoughtBlazerTests.xctest */ = {isa = PBXFileReference; explicitFileType = wrapper.cfbundle; includeInIndex = 0; path = ThoughtBlazerTests.xctest; sourceTree = BUILT_PRODUCTS_DIR; };
		214B17CC2475D48800D92CD4 /* ThoughtBlazerTests.swift */ = {isa = PBXFileReference; lastKnownFileType = sourcecode.swift; path = ThoughtBlazerTests.swift; sourceTree = "<group>"; };
		214B17CE2475D48800D92CD4 /* Info.plist */ = {isa = PBXFileReference; lastKnownFileType = text.plist.xml; path = Info.plist; sourceTree = "<group>"; };
		214B17D32475D48800D92CD4 /* ThoughtBlazerUITests.xctest */ = {isa = PBXFileReference; explicitFileType = wrapper.cfbundle; includeInIndex = 0; path = ThoughtBlazerUITests.xctest; sourceTree = BUILT_PRODUCTS_DIR; };
		214B17D72475D48800D92CD4 /* ThoughtBlazerUITests.swift */ = {isa = PBXFileReference; lastKnownFileType = sourcecode.swift; path = ThoughtBlazerUITests.swift; sourceTree = "<group>"; };
		214B17D92475D48800D92CD4 /* Info.plist */ = {isa = PBXFileReference; lastKnownFileType = text.plist.xml; path = Info.plist; sourceTree = "<group>"; };
/* End PBXFileReference section */

/* Begin PBXFrameworksBuildPhase section */
		214B17AF2475D48700D92CD4 /* Frameworks */ = {
			isa = PBXFrameworksBuildPhase;
			buildActionMask = 2147483647;
			files = (
			);
			runOnlyForDeploymentPostprocessing = 0;
		};
		214B17C52475D48800D92CD4 /* Frameworks */ = {
			isa = PBXFrameworksBuildPhase;
			buildActionMask = 2147483647;
			files = (
			);
			runOnlyForDeploymentPostprocessing = 0;
		};
		214B17D02475D48800D92CD4 /* Frameworks */ = {
			isa = PBXFrameworksBuildPhase;
			buildActionMask = 2147483647;
			files = (
			);
			runOnlyForDeploymentPostprocessing = 0;
		};
/* End PBXFrameworksBuildPhase section */

/* Begin PBXGroup section */
		214B17A92475D48700D92CD4 = {
			isa = PBXGroup;
			children = (
				214B17B42475D48700D92CD4 /* ThoughtBlazer */,
				214B17CB2475D48800D92CD4 /* ThoughtBlazerTests */,
				214B17D62475D48800D92CD4 /* ThoughtBlazerUITests */,
				214B17B32475D48700D92CD4 /* Products */,
			);
			sourceTree = "<group>";
		};
		214B17B32475D48700D92CD4 /* Products */ = {
			isa = PBXGroup;
			children = (
				214B17B22475D48700D92CD4 /* ThoughtBlazer.app */,
				214B17C82475D48800D92CD4 /* ThoughtBlazerTests.xctest */,
				214B17D32475D48800D92CD4 /* ThoughtBlazerUITests.xctest */,
			);
			name = Products;
			sourceTree = "<group>";
		};
		214B17B42475D48700D92CD4 /* ThoughtBlazer */ = {
			isa = PBXGroup;
			children = (
				214B17B52475D48700D92CD4 /* AppDelegate.swift */,
				214B17B72475D48700D92CD4 /* SceneDelegate.swift */,
				214B17B92475D48700D92CD4 /* ViewController.swift */,
				214B17BB2475D48700D92CD4 /* Main.storyboard */,
				214B17BE2475D48800D92CD4 /* Assets.xcassets */,
				214B17C02475D48800D92CD4 /* LaunchScreen.storyboard */,
				214B17C32475D48800D92CD4 /* Info.plist */,
			);
			path = ThoughtBlazer;
			sourceTree = "<group>";
		};
		214B17CB2475D48800D92CD4 /* ThoughtBlazerTests */ = {
			isa = PBXGroup;
			children = (
				214B17CC2475D48800D92CD4 /* ThoughtBlazerTests.swift */,
				214B17CE2475D48800D92CD4 /* Info.plist */,
			);
			path = ThoughtBlazerTests;
			sourceTree = "<group>";
		};
		214B17D62475D48800D92CD4 /* ThoughtBlazerUITests */ = {
			isa = PBXGroup;
			children = (
				214B17D72475D48800D92CD4 /* ThoughtBlazerUITests.swift */,
				214B17D92475D48800D92CD4 /* Info.plist */,
			);
			path = ThoughtBlazerUITests;
			sourceTree = "<group>";
		};
/* End PBXGroup section */

/* Begin PBXNativeTarget section */
		214B17B12475D48700D92CD4 /* ThoughtBlazer */ = {
			isa = PBXNativeTarget;
			buildConfigurationList = 214B17DC2475D48800D92CD4 /* Build configuration list for PBXNativeTarget "ThoughtBlazer" */;
			buildPhases = (
				214B17AE2475D48700D92CD4 /* Sources */,
				214B17AF2475D48700D92CD4 /* Frameworks */,
				214B17B02475D48700D92CD4 /* Resources */,
			);
			buildRules = (
			);
			dependencies = (
			);
			name = ThoughtBlazer;
			productName = ThoughtBlazer;
			productReference = 214B17B22475D48700D92CD4 /* ThoughtBlazer.app */;
			productType = "com.apple.product-type.application";
		};
		214B17C72475D48800D92CD4 /* ThoughtBlazerTests */ = {
			isa = PBXNativeTarget;
			buildConfigurationList = 214B17DF2475D48800D92CD4 /* Build configuration list for PBXNativeTarget "ThoughtBlazerTests" */;
			buildPhases = (
				214B17C42475D48800D92CD4 /* Sources */,
				214B17C52475D48800D92CD4 /* Frameworks */,
				214B17C62475D48800D92CD4 /* Resources */,
			);
			buildRules = (
			);
			dependencies = (
				214B17CA2475D48800D92CD4 /* PBXTargetDependency */,
			);
			name = ThoughtBlazerTests;
			productName = ThoughtBlazerTests;
			productReference = 214B17C82475D48800D92CD4 /* ThoughtBlazerTests.xctest */;
			productType = "com.apple.product-type.bundle.unit-test";
		};
		214B17D22475D48800D92CD4 /* ThoughtBlazerUITests */ = {
			isa = PBXNativeTarget;
			buildConfigurationList = 214B17E22475D48800D92CD4 /* Build configuration list for PBXNativeTarget "ThoughtBlazerUITests" */;
			buildPhases = (
				214B17CF2475D48800D92CD4 /* Sources */,
				214B17D02475D48800D92CD4 /* Frameworks */,
				214B17D12475D48800D92CD4 /* Resources */,
			);
			buildRules = (
			);
			dependencies = (
				214B17D52475D48800D92CD4 /* PBXTargetDependency */,
			);
			name = ThoughtBlazerUITests;
			productName = ThoughtBlazerUITests;
			productReference = 214B17D32475D48800D92CD4 /* ThoughtBlazerUITests.xctest */;
			productType = "com.apple.product-type.bundle.ui-testing";
		};
/* End PBXNativeTarget section */

/* Begin PBXProject section */
		214B17AA2475D48700D92CD4 /* Project object */ = {
			isa = PBXProject;
			attributes = {
				LastSwiftUpdateCheck = 1130;
				LastUpgradeCheck = 1130;
				ORGANIZATIONNAME = "Konstantine Nikka-Sher Piterman";
				TargetAttributes = {
					214B17B12475D48700D92CD4 = {
						CreatedOnToolsVersion = 11.3;
					};
					214B17C72475D48800D92CD4 = {
						CreatedOnToolsVersion = 11.3;
						TestTargetID = 214B17B12475D48700D92CD4;
					};
					214B17D22475D48800D92CD4 = {
						CreatedOnToolsVersion = 11.3;
						TestTargetID = 214B17B12475D48700D92CD4;
					};
				};
			};
			buildConfigurationList = 214B17AD2475D48700D92CD4 /* Build configuration list for PBXProject "ThoughtBlazer" */;
			compatibilityVersion = "Xcode 9.3";
			developmentRegion = en;
			hasScannedForEncodings = 0;
			knownRegions = (
				en,
				Base,
			);
			mainGroup = 214B17A92475D48700D92CD4;
			productRefGroup = 214B17B32475D48700D92CD4 /* Products */;
			projectDirPath = "";
			projectRoot = "";
			targets = (
				214B17B12475D48700D92CD4 /* ThoughtBlazer */,
				214B17C72475D48800D92CD4 /* ThoughtBlazerTests */,
				214B17D22475D48800D92CD4 /* ThoughtBlazerUITests */,
			);
		};
/* End PBXProject section */

/* Begin PBXResourcesBuildPhase section */
		214B17B02475D48700D92CD4 /* Resources */ = {
			isa = PBXResourcesBuildPhase;
			buildActionMask = 2147483647;
			files = (
				214B17C22475D48800D92CD4 /* LaunchScreen.storyboard in Resources */,
				214B17BF2475D48800D92CD4 /* Assets.xcassets in Resources */,
				214B17BD2475D48700D92CD4 /* Main.storyboard in Resources */,
			);
			runOnlyForDeploymentPostprocessing = 0;
		};
		214B17C62475D48800D92CD4 /* Resources */ = {
			isa = PBXResourcesBuildPhase;
			buildActionMask = 2147483647;
			files = (
			);
			runOnlyForDeploymentPostprocessing = 0;
		};
		214B17D12475D48800D92CD4 /* Resources */ = {
			isa = PBXResourcesBuildPhase;
			buildActionMask = 2147483647;
			files = (
			);
			runOnlyForDeploymentPostprocessing = 0;
		};
/* End PBXResourcesBuildPhase section */

/* Begin PBXSourcesBuildPhase section */
		214B17AE2475D48700D92CD4 /* Sources */ = {
			isa = PBXSourcesBuildPhase;
			buildActionMask = 2147483647;
			files = (
				214B17BA2475D48700D92CD4 /* ViewController.swift in Sources */,
				214B17B62475D48700D92CD4 /* AppDelegate.swift in Sources */,
				214B17B82475D48700D92CD4 /* SceneDelegate.swift in Sources */,
			);
			runOnlyForDeploymentPostprocessing = 0;
		};
		214B17C42475D48800D92CD4 /* Sources */ = {
			isa = PBXSourcesBuildPhase;
			buildActionMask = 2147483647;
			files = (
				214B17CD2475D48800D92CD4 /* ThoughtBlazerTests.swift in Sources */,
			);
			runOnlyForDeploymentPostprocessing = 0;
		};
		214B17CF2475D48800D92CD4 /* Sources */ = {
			isa = PBXSourcesBuildPhase;
			buildActionMask = 2147483647;
			files = (
				214B17D82475D48800D92CD4 /* ThoughtBlazerUITests.swift in Sources */,
			);
			runOnlyForDeploymentPostprocessing = 0;
		};
/* End PBXSourcesBuildPhase section */

/* Begin PBXTargetDependency section */
		214B17CA2475D48800D92CD4 /* PBXTargetDependency */ = {
			isa = PBXTargetDependency;
			target = 214B17B12475D48700D92CD4 /* ThoughtBlazer */;
			targetProxy = 214B17C92475D48800D92CD4 /* PBXContainerItemProxy */;
		};
		214B17D52475D48800D92CD4 /* PBXTargetDependency */ = {
			isa = PBXTargetDependency;
			target = 214B17B12475D48700D92CD4 /* ThoughtBlazer */;
			targetProxy = 214B17D42475D48800D92CD4 /* PBXContainerItemProxy */;
		};
/* End PBXTargetDependency section */

/* Begin PBXVariantGroup section */
		214B17BB2475D48700D92CD4 /* Main.storyboard */ = {
			isa = PBXVariantGroup;
			children = (
				214B17BC2475D48700D92CD4 /* Base */,
			);
			name = Main.storyboard;
			sourceTree = "<group>";
		};
		214B17C02475D48800D92CD4 /* LaunchScreen.storyboard */ = {
			isa = PBXVariantGroup;
			children = (
				214B17C12475D48800D92CD4 /* Base */,
			);
			name = LaunchScreen.storyboard;
			sourceTree = "<group>";
		};
/* End PBXVariantGroup section */

/* Begin XCBuildConfiguration section */
		214B17DA2475D48800D92CD4 /* Debug */ = {
			isa = XCBuildConfiguration;
			buildSettings = {
				ALWAYS_SEARCH_USER_PATHS = NO;
				CLANG_ANALYZER_NONNULL = YES;
				CLANG_ANALYZER_NUMBER_OBJECT_CONVERSION = YES_AGGRESSIVE;
				CLANG_CXX_LANGUAGE_STANDARD = "gnu++14";
				CLANG_CXX_LIBRARY = "libc++";
				CLANG_ENABLE_MODULES = YES;
				CLANG_ENABLE_OBJC_ARC = YES;
				CLANG_ENABLE_OBJC_WEAK = YES;
				CLANG_WARN_BLOCK_CAPTURE_AUTORELEASING = YES;
				CLANG_WARN_BOOL_CONVERSION = YES;
				CLANG_WARN_COMMA = YES;
				CLANG_WARN_CONSTANT_CONVERSION = YES;
				CLANG_WARN_DEPRECATED_OBJC_IMPLEMENTATIONS = YES;
				CLANG_WARN_DIRECT_OBJC_ISA_USAGE = YES_ERROR;
				CLANG_WARN_DOCUMENTATION_COMMENTS = YES;
				CLANG_WARN_EMPTY_BODY = YES;
				CLANG_WARN_ENUM_CONVERSION = YES;
				CLANG_WARN_INFINITE_RECURSION = YES;
				CLANG_WARN_INT_CONVERSION = YES;
				CLANG_WARN_NON_LITERAL_NULL_CONVERSION = YES;
				CLANG_WARN_OBJC_IMPLICIT_RETAIN_SELF = YES;
				CLANG_WARN_OBJC_LITERAL_CONVERSION = YES;
				CLANG_WARN_OBJC_ROOT_CLASS = YES_ERROR;
				CLANG_WARN_RANGE_LOOP_ANALYSIS = YES;
				CLANG_WARN_STRICT_PROTOTYPES = YES;
				CLANG_WARN_SUSPICIOUS_MOVE = YES;
				CLANG_WARN_UNGUARDED_AVAILABILITY = YES_AGGRESSIVE;
				CLANG_WARN_UNREACHABLE_CODE = YES;
				CLANG_WARN__DUPLICATE_METHOD_MATCH = YES;
				COPY_PHASE_STRIP = NO;
				DEBUG_INFORMATION_FORMAT = dwarf;
				ENABLE_STRICT_OBJC_MSGSEND = YES;
				ENABLE_TESTABILITY = YES;
				GCC_C_LANGUAGE_STANDARD = gnu11;
				GCC_DYNAMIC_NO_PIC = NO;
				GCC_NO_COMMON_BLOCKS = YES;
				GCC_OPTIMIZATION_LEVEL = 0;
				GCC_PREPROCESSOR_DEFINITIONS = (
					"DEBUG=1",
					"$(inherited)",
				);
				GCC_WARN_64_TO_32_BIT_CONVERSION = YES;
				GCC_WARN_ABOUT_RETURN_TYPE = YES_ERROR;
				GCC_WARN_UNDECLARED_SELECTOR = YES;
				GCC_WARN_UNINITIALIZED_AUTOS = YES_AGGRESSIVE;
				GCC_WARN_UNUSED_FUNCTION = YES;
				GCC_WARN_UNUSED_VARIABLE = YES;
				IPHONEOS_DEPLOYMENT_TARGET = 13.2;
				MTL_ENABLE_DEBUG_INFO = INCLUDE_SOURCE;
				MTL_FAST_MATH = YES;
				ONLY_ACTIVE_ARCH = YES;
				SDKROOT = iphoneos;
				SWIFT_ACTIVE_COMPILATION_CONDITIONS = DEBUG;
				SWIFT_OPTIMIZATION_LEVEL = "-Onone";
			};
			name = Debug;
		};
		214B17DB2475D48800D92CD4 /* Release */ = {
			isa = XCBuildConfiguration;
			buildSettings = {
				ALWAYS_SEARCH_USER_PATHS = NO;
				CLANG_ANALYZER_NONNULL = YES;
				CLANG_ANALYZER_NUMBER_OBJECT_CONVERSION = YES_AGGRESSIVE;
				CLANG_CXX_LANGUAGE_STANDARD = "gnu++14";
				CLANG_CXX_LIBRARY = "libc++";
				CLANG_ENABLE_MODULES = YES;
				CLANG_ENABLE_OBJC_ARC = YES;
				CLANG_ENABLE_OBJC_WEAK = YES;
				CLANG_WARN_BLOCK_CAPTURE_AUTORELEASING = YES;
				CLANG_WARN_BOOL_CONVERSION = YES;
				CLANG_WARN_COMMA = YES;
				CLANG_WARN_CONSTANT_CONVERSION = YES;
				CLANG_WARN_DEPRECATED_OBJC_IMPLEMENTATIONS = YES;
				CLANG_WARN_DIRECT_OBJC_ISA_USAGE = YES_ERROR;
				CLANG_WARN_DOCUMENTATION_COMMENTS = YES;
				CLANG_WARN_EMPTY_BODY = YES;
				CLANG_WARN_ENUM_CONVERSION = YES;
				CLANG_WARN_INFINITE_RECURSION = YES;
				CLANG_WARN_INT_CONVERSION = YES;
				CLANG_WARN_NON_LITERAL_NULL_CONVERSION = YES;
				CLANG_WARN_OBJC_IMPLICIT_RETAIN_SELF = YES;
				CLANG_WARN_OBJC_LITERAL_CONVERSION = YES;
				CLANG_WARN_OBJC_ROOT_CLASS = YES_ERROR;
				CLANG_WARN_RANGE_LOOP_ANALYSIS = YES;
				CLANG_WARN_STRICT_PROTOTYPES = YES;
				CLANG_WARN_SUSPICIOUS_MOVE = YES;
				CLANG_WARN_UNGUARDED_AVAILABILITY = YES_AGGRESSIVE;
				CLANG_WARN_UNREACHABLE_CODE = YES;
				CLANG_WARN__DUPLICATE_METHOD_MATCH = YES;
				COPY_PHASE_STRIP = NO;
				DEBUG_INFORMATION_FORMAT = "dwarf-with-dsym";
				ENABLE_NS_ASSERTIONS = NO;
				ENABLE_STRICT_OBJC_MSGSEND = YES;
				GCC_C_LANGUAGE_STANDARD = gnu11;
				GCC_NO_COMMON_BLOCKS = YES;
				GCC_WARN_64_TO_32_BIT_CONVERSION = YES;
				GCC_WARN_ABOUT_RETURN_TYPE = YES_ERROR;
				GCC_WARN_UNDECLARED_SELECTOR = YES;
				GCC_WARN_UNINITIALIZED_AUTOS = YES_AGGRESSIVE;
				GCC_WARN_UNUSED_FUNCTION = YES;
				GCC_WARN_UNUSED_VARIABLE = YES;
				IPHONEOS_DEPLOYMENT_TARGET = 13.2;
				MTL_ENABLE_DEBUG_INFO = NO;
				MTL_FAST_MATH = YES;
				SDKROOT = iphoneos;
				SWIFT_COMPILATION_MODE = wholemodule;
				SWIFT_OPTIMIZATION_LEVEL = "-O";
				VALIDATE_PRODUCT = YES;
			};
			name = Release;
		};
		214B17DD2475D48800D92CD4 /* Debug */ = {
			isa = XCBuildConfiguration;
			buildSettings = {
				ASSETCATALOG_COMPILER_APPICON_NAME = AppIcon;
				CODE_SIGN_STYLE = Automatic;
				DEVELOPMENT_TEAM = D8ZBA7RCZR;
				INFOPLIST_FILE = ThoughtBlazer/Info.plist;
				LD_RUNPATH_SEARCH_PATHS = (
					"$(inherited)",
					"@executable_path/Frameworks",
				);
				PRODUCT_BUNDLE_IDENTIFIER = TheTomorrowPeople.ThoughtBlazer;
				PRODUCT_NAME = "$(TARGET_NAME)";
				SWIFT_VERSION = 5.0;
				TARGETED_DEVICE_FAMILY = "1,2";
			};
			name = Debug;
		};
		214B17DE2475D48800D92CD4 /* Release */ = {
			isa = XCBuildConfiguration;
			buildSettings = {
				ASSETCATALOG_COMPILER_APPICON_NAME = AppIcon;
				CODE_SIGN_STYLE = Automatic;
				DEVELOPMENT_TEAM = D8ZBA7RCZR;
				INFOPLIST_FILE = ThoughtBlazer/Info.plist;
				LD_RUNPATH_SEARCH_PATHS = (
					"$(inherited)",
					"@executable_path/Frameworks",
				);
				PRODUCT_BUNDLE_IDENTIFIER = TheTomorrowPeople.ThoughtBlazer;
				PRODUCT_NAME = "$(TARGET_NAME)";
				SWIFT_VERSION = 5.0;
				TARGETED_DEVICE_FAMILY = "1,2";
			};
			name = Release;
		};
		214B17E02475D48800D92CD4 /* Debug */ = {
			isa = XCBuildConfiguration;
			buildSettings = {
				ALWAYS_EMBED_SWIFT_STANDARD_LIBRARIES = YES;
				BUNDLE_LOADER = "$(TEST_HOST)";
				CODE_SIGN_STYLE = Automatic;
				DEVELOPMENT_TEAM = D8ZBA7RCZR;
				INFOPLIST_FILE = ThoughtBlazerTests/Info.plist;
				IPHONEOS_DEPLOYMENT_TARGET = 13.2;
				LD_RUNPATH_SEARCH_PATHS = (
					"$(inherited)",
					"@executable_path/Frameworks",
					"@loader_path/Frameworks",
				);
				PRODUCT_BUNDLE_IDENTIFIER = TheTomorrowPeople.ThoughtBlazerTests;
				PRODUCT_NAME = "$(TARGET_NAME)";
				SWIFT_VERSION = 5.0;
				TARGETED_DEVICE_FAMILY = "1,2";
				TEST_HOST = "$(BUILT_PRODUCTS_DIR)/ThoughtBlazer.app/ThoughtBlazer";
			};
			name = Debug;
		};
		214B17E12475D48800D92CD4 /* Release */ = {
			isa = XCBuildConfiguration;
			buildSettings = {
				ALWAYS_EMBED_SWIFT_STANDARD_LIBRARIES = YES;
				BUNDLE_LOADER = "$(TEST_HOST)";
				CODE_SIGN_STYLE = Automatic;
				DEVELOPMENT_TEAM = D8ZBA7RCZR;
				INFOPLIST_FILE = ThoughtBlazerTests/Info.plist;
				IPHONEOS_DEPLOYMENT_TARGET = 13.2;
				LD_RUNPATH_SEARCH_PATHS = (
					"$(inherited)",
					"@executable_path/Frameworks",
					"@loader_path/Frameworks",
				);
				PRODUCT_BUNDLE_IDENTIFIER = TheTomorrowPeople.ThoughtBlazerTests;
				PRODUCT_NAME = "$(TARGET_NAME)";
				SWIFT_VERSION = 5.0;
				TARGETED_DEVICE_FAMILY = "1,2";
				TEST_HOST = "$(BUILT_PRODUCTS_DIR)/ThoughtBlazer.app/ThoughtBlazer";
			};
			name = Release;
		};
		214B17E32475D48800D92CD4 /* Debug */ = {
			isa = XCBuildConfiguration;
			buildSettings = {
				ALWAYS_EMBED_SWIFT_STANDARD_LIBRARIES = YES;
				CODE_SIGN_STYLE = Automatic;
				DEVELOPMENT_TEAM = D8ZBA7RCZR;
				INFOPLIST_FILE = ThoughtBlazerUITests/Info.plist;
				LD_RUNPATH_SEARCH_PATHS = (
					"$(inherited)",
					"@executable_path/Frameworks",
					"@loader_path/Frameworks",
				);
				PRODUCT_BUNDLE_IDENTIFIER = TheTomorrowPeople.ThoughtBlazerUITests;
				PRODUCT_NAME = "$(TARGET_NAME)";
				SWIFT_VERSION = 5.0;
				TARGETED_DEVICE_FAMILY = "1,2";
				TEST_TARGET_NAME = ThoughtBlazer;
			};
			name = Debug;
		};
		214B17E42475D48800D92CD4 /* Release */ = {
			isa = XCBuildConfiguration;
			buildSettings = {
				ALWAYS_EMBED_SWIFT_STANDARD_LIBRARIES = YES;
				CODE_SIGN_STYLE = Automatic;
				DEVELOPMENT_TEAM = D8ZBA7RCZR;
				INFOPLIST_FILE = ThoughtBlazerUITests/Info.plist;
				LD_RUNPATH_SEARCH_PATHS = (
					"$(inherited)",
					"@executable_path/Frameworks",
					"@loader_path/Frameworks",
				);
				PRODUCT_BUNDLE_IDENTIFIER = TheTomorrowPeople.ThoughtBlazerUITests;
				PRODUCT_NAME = "$(TARGET_NAME)";
				SWIFT_VERSION = 5.0;
				TARGETED_DEVICE_FAMILY = "1,2";
				TEST_TARGET_NAME = ThoughtBlazer;
			};
			name = Release;
		};
/* End XCBuildConfiguration section */

/* Begin XCConfigurationList section */
		214B17AD2475D48700D92CD4 /* Build configuration list for PBXProject "ThoughtBlazer" */ = {
			isa = XCConfigurationList;
			buildConfigurations = (
				214B17DA2475D48800D92CD4 /* Debug */,
				214B17DB2475D48800D92CD4 /* Release */,
			);
			defaultConfigurationIsVisible = 0;
			defaultConfigurationName = Release;
		};
		214B17DC2475D48800D92CD4 /* Build configuration list for PBXNativeTarget "ThoughtBlazer" */ = {
			isa = XCConfigurationList;
			buildConfigurations = (
				214B17DD2475D48800D92CD4 /* Debug */,
				214B17DE2475D48800D92CD4 /* Release */,
			);
			defaultConfigurationIsVisible = 0;
			defaultConfigurationName = Release;
		};
		214B17DF2475D48800D92CD4 /* Build configuration list for PBXNativeTarget "ThoughtBlazerTests" */ = {
			isa = XCConfigurationList;
			buildConfigurations = (
				214B17E02475D48800D92CD4 /* Debug */,
				214B17E12475D48800D92CD4 /* Release */,
			);
			defaultConfigurationIsVisible = 0;
			defaultConfigurationName = Release;
		};
		214B17E22475D48800D92CD4 /* Build configuration list for PBXNativeTarget "ThoughtBlazerUITests" */ = {
			isa = XCConfigurationList;
			buildConfigurations = (
				214B17E32475D48800D92CD4 /* Debug */,
				214B17E42475D48800D92CD4 /* Release */,
			);
			defaultConfigurationIsVisible = 0;
			defaultConfigurationName = Release;
		};
/* End XCConfigurationList section */
	};
	rootObject = 214B17AA2475D48700D92CD4 /* Project object */;
}
